
Microsoft Visual Studio Solution File, Format Version 12.00
# Visual Studio Version 17
VisualStudioVersion = 17.13.35931.197 d17.13
MinimumVisualStudioVersion = 10.0.40219.1
Project("{FAE04EC0-301F-11D3-BF4B-00C04F79EFBC}") = "EmployeeManagementSystem", "EmployeeManagementSystem\EmployeeManagementSystem.csproj", "{B8C956B7-5672-454D-AB30-BB20DCFDA0D9}"
EndProject
Global
	GlobalSection(SolutionConfigurationPlatforms) = preSolution
		Debug|Any CPU = Debug|Any CPU
		Release|Any CPU = Release|Any CPU
	EndGlobalSection
	GlobalSection(ProjectConfigurationPlatforms) = postSolution
		{B8C956B7-5672-454D-AB30-BB20DCFDA0D9}.Debug|Any CPU.ActiveCfg = Debug|Any CPU
		{B8C956B7-5672-454D-AB30-BB20DCFDA0D9}.Debug|Any CPU.Build.0 = Debug|Any CPU
		{B8C956B7-5672-454D-AB30-BB20DCFDA0D9}.Release|Any CPU.ActiveCfg = Release|Any CPU
		{B8C956B7-5672-454D-AB30-BB20DCFDA0D9}.Release|Any CPU.Build.0 = Release|Any CPU
	EndGlobalSection
	GlobalSection(SolutionProperties) = preSolution
		HideSolutionNode = FALSE
	EndGlobalSection
	GlobalSection(ExtensibilityGlobals) = postSolution
		SolutionGuid = {FD321EFD-78C0-4D56-8DBE-286BE6D2103C}
	EndGlobalSection
EndGlobal
